
Microsoft Visual Studio Solution File, Format Version 12.00
# Visual Studio Version 17
VisualStudioVersion = 17.14.36717.8 d17.14
MinimumVisualStudioVersion = 10.0.40219.1
Project("{FAE04EC0-301F-11D3-BF4B-00C04F79EFBC}") = "ASP-A3.6", "ASP-A3.6\ASP-A3.6.csproj", "{F9DA54D1-7B25-46C7-B28F-EDEED7CDF197}"
EndProject
Global
	GlobalSection(SolutionConfigurationPlatforms) = preSolution
		Debug|Any CPU = Debug|Any CPU
		Release|Any CPU = Release|Any CPU
	EndGlobalSection
	GlobalSection(ProjectConfigurationPlatforms) = postSolution
		{F9DA54D1-7B25-46C7-B28F-EDEED7CDF197}.Debug|Any CPU.ActiveCfg = Debug|Any CPU
		{F9DA54D1-7B25-46C7-B28F-EDEED7CDF197}.Debug|Any CPU.Build.0 = Debug|Any CPU
		{F9DA54D1-7B25-46C7-B28F-EDEED7CDF197}.Release|Any CPU.ActiveCfg = Release|Any CPU
		{F9DA54D1-7B25-46C7-B28F-EDEED7CDF197}.Release|Any CPU.Build.0 = Release|Any CPU
	EndGlobalSection
	GlobalSection(SolutionProperties) = preSolution
		HideSolutionNode = FALSE
	EndGlobalSection
	GlobalSection(ExtensibilityGlobals) = postSolution
		SolutionGuid = {C79B47D7-0F01-4E9F-A1F5-38C23CC3B967}
	EndGlobalSection
EndGlobal
