
Microsoft Visual Studio Solution File, Format Version 12.00
# Visual Studio Version 17
VisualStudioVersion = 17.14.36717.8 d17.14
MinimumVisualStudioVersion = 10.0.40219.1
Project("{FAE04EC0-301F-11D3-BF4B-00C04F79EFBC}") = "Ejercicios_Tag Helpers", "Ejercicios_Tag Helpers\Ejercicios_Tag Helpers.csproj", "{065D3EB0-6EFA-4497-99EB-13455A78A731}"
EndProject
Global
	GlobalSection(SolutionConfigurationPlatforms) = preSolution
		Debug|Any CPU = Debug|Any CPU
		Release|Any CPU = Release|Any CPU
	EndGlobalSection
	GlobalSection(ProjectConfigurationPlatforms) = postSolution
		{065D3EB0-6EFA-4497-99EB-13455A78A731}.Debug|Any CPU.ActiveCfg = Debug|Any CPU
		{065D3EB0-6EFA-4497-99EB-13455A78A731}.Debug|Any CPU.Build.0 = Debug|Any CPU
		{065D3EB0-6EFA-4497-99EB-13455A78A731}.Release|Any CPU.ActiveCfg = Release|Any CPU
		{065D3EB0-6EFA-4497-99EB-13455A78A731}.Release|Any CPU.Build.0 = Release|Any CPU
	EndGlobalSection
	GlobalSection(SolutionProperties) = preSolution
		HideSolutionNode = FALSE
	EndGlobalSection
	GlobalSection(ExtensibilityGlobals) = postSolution
		SolutionGuid = {10A3995A-A0B2-4040-ACF9-F99EC33593FE}
	EndGlobalSection
EndGlobal
